{
  "requires": true,
  "lockfileVersion": 1,
  "dependencies": {
    "flow-bin": {
      "version": "0.127.0",
      "resolved": "https://registry.npm.taobao.org/flow-bin/download/flow-bin-0.127.0.tgz",
      "integrity": "sha1-BhTP9MG3g77vH+63EI1TbgnXdjI=",
      "dev": true
    },
    "lodash": {
      "version": "4.17.15",
      "resolved": "https://registry.npm.taobao.org/lodash/download/lodash-4.17.15.tgz",
      "integrity": "sha1-tEf2ZwoEVbv+7dETku/zMOoJdUg="
    }
  }
}
